schema: '2.0'
stages:
  data_cleaning:
    cmd: python src/data/data_cleaning.py
    deps:
    - path: data/raw/swiggy.csv
      hash: md5
      md5: 0b050b37dfe6cfbfaa18d7cb4e454377
      size: 7772212
    - path: src/data/data_cleaning.py
      hash: md5
      md5: c83d4396390740a23b6eda9c88a9b317
      size: 9262
    outs:
    - path: data/cleaned/swiggy_cleaned.csv
      hash: md5
      md5: 88abff5e8ddf25d6d39300c8f9b531d2
      size: 4463050
  data_preparation:
    cmd: python src/data/data_preparation.py
    deps:
    - path: data/cleaned/swiggy_cleaned.csv
      hash: md5
      md5: 88abff5e8ddf25d6d39300c8f9b531d2
      size: 4463050
    - path: src/data/data_preparation.py
      hash: md5
      md5: 4c66bf78f52214a79052798e66d741ef
      size: 2914
    params:
      params.yaml:
        Data_Preparation.random_state: 4
        Data_Preparation.test_size: 0.25
    outs:
    - path: data/interim/test.csv
      hash: md5
      md5: c059a42b12550c87c991cbf0d9cabe59
      size: 1114690
    - path: data/interim/train.csv
      hash: md5
      md5: d30e93783e911243f6694f23a72c4e48
      size: 3345400
  data_preprocessing:
    cmd: python src/features/data_preprocessing.py
    deps:
    - path: data/interim/test.csv
      hash: md5
      md5: c059a42b12550c87c991cbf0d9cabe59
      size: 1114690
    - path: data/interim/train.csv
      hash: md5
      md5: d30e93783e911243f6694f23a72c4e48
      size: 3345400
    - path: src/features/data_preprocessing.py
      hash: md5
      md5: bb3390ea7a99a16269954ce4593c719a
      size: 6761
    outs:
    - path: data/processed/test_trans.csv
      hash: md5
      md5: bf5da863be4987a3ed1a9c44f7749cd0
      size: 1345912
    - path: data/processed/train_trans.csv
      hash: md5
      md5: 62ec18a91d2a8c713655769e01a7733d
      size: 4035098
    - path: models/preprocessor.joblib
      hash: md5
      md5: 0b673892ad6c3e5a6c8d175e9bb679d7
      size: 8401
  train:
    cmd: python src/models/train.py
    deps:
    - path: data/processed/train_trans.csv
      hash: md5
      md5: 62ec18a91d2a8c713655769e01a7733d
      size: 4035098
    - path: src/models/train.py
      hash: md5
      md5: dfc13bc04bbfdda3ceca398400c7b62f
      size: 4752
    params:
      params.yaml:
        Train.LightGBM:
          n_estimators: 154
          max_depth: 27
          learning_rate: 0.22234435854395157
          subsample: 0.7592213724048168
          min_child_weight: 20
          min_split_gain: 0.004604680609280751
          reg_lambda: 97.81002379097947
          n_jobs: -1
        Train.Random_Forest:
          n_estimators: 479
          criterion: squared_error
          max_depth: 17
          max_features: 1
          min_samples_split: 9
          min_samples_leaf: 2
          max_samples: 0.6603673526197066
          verbose: 1
          n_jobs: -1
    outs:
    - path: models/model.joblib
      hash: md5
      md5: 9289932739a07c4c85d11f217494adb8
      size: 149313912
    - path: models/power_transformer.joblib
      hash: md5
      md5: 7af9f8d7aa43d8155ccf93d8082b437c
      size: 837
    - path: models/stacking_regressor.joblib
      hash: md5
      md5: e2c8f5a023f061d3097933de9c0af9ed
      size: 149302362
  evaluation:
    cmd: python src/models/evaluation.py
    deps:
    - path: data/processed/test_trans.csv
      hash: md5
      md5: bf5da863be4987a3ed1a9c44f7749cd0
      size: 1345912
    - path: data/processed/train_trans.csv
      hash: md5
      md5: 62ec18a91d2a8c713655769e01a7733d
      size: 4035098
    - path: models/model.joblib
      hash: md5
      md5: 9289932739a07c4c85d11f217494adb8
      size: 149313912
    - path: src/models/evaluation.py
      hash: md5
      md5: 37a8486d1fd60886ef8c421031872223
      size: 5857
    outs:
    - path: run_information.json
      hash: md5
      md5: 989d4d3089af3615fdceb02bf0c03b3c
      size: 216
  register_model:
    cmd: python src/models/register_model.py
    deps:
    - path: run_information.json
      hash: md5
      md5: 989d4d3089af3615fdceb02bf0c03b3c
      size: 216
    - path: src/models/register_model.py
      hash: md5
      md5: 4b059b292906d7a36cf4b8e5387fc470
      size: 2214
